
Microsoft Visual Studio Solution File, Format Version 12.00
Project("{2150E333-8FDC-42A3-9474-1A3956D46DE8}") = "Source", "Source", "{8F573C2C-ACE4-450C-BB74-E682373BE804}"
EndProject
Project("{FAE04EC0-301F-11D3-BF4B-00C04F79EFBC}") = "Toolkit", "Source\Toolkit.csproj", "{5F9A1186-DC2F-4E0D-A3B4-8D2A61AA9841}"
EndProject
Project("{2150E333-8FDC-42A3-9474-1A3956D46DE8}") = "App", "App", "{7F5C8117-2961-4961-B428-9673B19D7BBC}"
EndProject
Project("{FAE04EC0-301F-11D3-BF4B-00C04F79EFBC}") = "App", "App\App.csproj", "{D961DEC8-1432-4F98-886C-BE72665C94D7}"
EndProject
Global
	GlobalSection(SolutionConfigurationPlatforms) = preSolution
		Debug|Any CPU = Debug|Any CPU
		Release|Any CPU = Release|Any CPU
	EndGlobalSection
	GlobalSection(ProjectConfigurationPlatforms) = postSolution
		{5F9A1186-DC2F-4E0D-A3B4-8D2A61AA9841}.Debug|Any CPU.ActiveCfg = Debug|Any CPU
		{5F9A1186-DC2F-4E0D-A3B4-8D2A61AA9841}.Debug|Any CPU.Build.0 = Debug|Any CPU
		{5F9A1186-DC2F-4E0D-A3B4-8D2A61AA9841}.Release|Any CPU.ActiveCfg = Release|Any CPU
		{5F9A1186-DC2F-4E0D-A3B4-8D2A61AA9841}.Release|Any CPU.Build.0 = Release|Any CPU
		{D961DEC8-1432-4F98-886C-BE72665C94D7}.Debug|Any CPU.ActiveCfg = Debug|Any CPU
		{D961DEC8-1432-4F98-886C-BE72665C94D7}.Debug|Any CPU.Build.0 = Debug|Any CPU
		{D961DEC8-1432-4F98-886C-BE72665C94D7}.Release|Any CPU.ActiveCfg = Release|Any CPU
		{D961DEC8-1432-4F98-886C-BE72665C94D7}.Release|Any CPU.Build.0 = Release|Any CPU
		{BEC406F2-2B35-4FE8-9F00-41A848997D73}.Debug|Any CPU.ActiveCfg = Debug|Any CPU
		{BEC406F2-2B35-4FE8-9F00-41A848997D73}.Debug|Any CPU.Build.0 = Debug|Any CPU
		{BEC406F2-2B35-4FE8-9F00-41A848997D73}.Release|Any CPU.ActiveCfg = Release|Any CPU
		{BEC406F2-2B35-4FE8-9F00-41A848997D73}.Release|Any CPU.Build.0 = Release|Any CPU
		{40C3460E-B18A-48AE-90E4-CF575CF2E917}.Debug|Any CPU.ActiveCfg = Debug|Any CPU
		{40C3460E-B18A-48AE-90E4-CF575CF2E917}.Debug|Any CPU.Build.0 = Debug|Any CPU
		{40C3460E-B18A-48AE-90E4-CF575CF2E917}.Release|Any CPU.ActiveCfg = Release|Any CPU
		{40C3460E-B18A-48AE-90E4-CF575CF2E917}.Release|Any CPU.Build.0 = Release|Any CPU
		{F2D4B299-D46D-4F0A-87B4-E6BBCAF52E1E}.Debug|Any CPU.ActiveCfg = Debug|Any CPU
		{F2D4B299-D46D-4F0A-87B4-E6BBCAF52E1E}.Debug|Any CPU.Build.0 = Debug|Any CPU
		{F2D4B299-D46D-4F0A-87B4-E6BBCAF52E1E}.Release|Any CPU.ActiveCfg = Release|Any CPU
		{F2D4B299-D46D-4F0A-87B4-E6BBCAF52E1E}.Release|Any CPU.Build.0 = Release|Any CPU
	EndGlobalSection
	GlobalSection(NestedProjects) = preSolution
		{BEC406F2-2B35-4FE8-9F00-41A848997D73} = {35954021-486B-43A6-8E69-A1F13AF6852F}
		{40C3460E-B18A-48AE-90E4-CF575CF2E917} = {35954021-486B-43A6-8E69-A1F13AF6852F}
		{F2D4B299-D46D-4F0A-87B4-E6BBCAF52E1E} = {35954021-486B-43A6-8E69-A1F13AF6852F}
		{D961DEC8-1432-4F98-886C-BE72665C94D7} = {7F5C8117-2961-4961-B428-9673B19D7BBC}
		{5F9A1186-DC2F-4E0D-A3B4-8D2A61AA9841} = {8F573C2C-ACE4-450C-BB74-E682373BE804}
	EndGlobalSection
EndGlobal
